# Generated by pub
# See https://dart.dev/tools/pub/glossary#lockfile
packages:
  adb:
    dependency: transitive
    description:
      name: adb
      sha256: ff7324138e3df9dcd8fab54050f9f74a224928321ae50161256109414a87f1d4
      url: "https://pub.dev"
    source: hosted
    version: "0.6.1"
  ansi_styles:
    dependency: transitive
    description:
      name: ansi_styles
      sha256: "9c656cc12b3c27b17dd982b2cc5c0cfdfbdabd7bc8f3ae5e8542d9867b47ce8a"
      url: "https://pub.dev"
    source: hosted
    version: "0.3.2+1"
  archive:
    dependency: transitive
    description:
      name: archive
      sha256: ace891da0862b0e4cabbb064ee3fd87b2728b898949fdb366d83fe98342c9f19
      url: "https://pub.dev"
    source: hosted
    version: "4.2.0"
  args:
    dependency: transitive
    description:
      name: args
      sha256: d0481093c50b1da8910eb0bb301626d4d8eb7284aa739614d2b394ee09e3ea04
      url: "https://pub.dev"
    source: hosted
    version: "2.7.0"
  async:
    dependency: transitive
    description:
      name: async
      sha256: e2eb0491ba5ddb6177742d2da23904574082139b07c1e33b8503b9f46f3e1a37
      url: "https://pub.dev"
    source: hosted
    version: "2.13.1"
  ci:
    dependency: transitive
    description:
      name: ci
      sha256: "145d095ce05cddac4d797a158bc4cf3b6016d1fe63d8c3d2fbd7212590adca13"
      url: "https://pub.dev"
    source: hosted
    version: "0.1.0"
  cli_completion:
    dependency: transitive
    description:
      name: cli_completion
      sha256: "72e8ccc4545f24efa7bbdf3bff7257dc9d62b072dee77513cc54295575bc9220"
      url: "https://pub.dev"
    source: hosted
    version: "0.5.1"
  cli_config:
    dependency: transitive
    description:
      name: cli_config
      sha256: ac20a183a07002b700f0c25e61b7ee46b23c309d76ab7b7640a028f18e4d99ec
      url: "https://pub.dev"
    source: hosted
    version: "0.2.0"
  collection:
    dependency: transitive
    description:
      name: collection
      sha256: "2f5709ae4d3d59dd8f7cd309b4e023046b57d8a6c82130785d2b0e5868084e76"
      url: "https://pub.dev"
    source: hosted
    version: "1.19.1"
  coverage:
    dependency: transitive
    description:
      name: coverage
      sha256: "956a3de0725ca232ad353565a8290d3357592bf4250f6f298a185e2d949c5d3d"
      url: "https://pub.dev"
    source: hosted
    version: "1.15.1"
  crypto:
    dependency: transitive
    description:
      name: crypto
      sha256: c8ea0233063ba03258fbcf2ca4d6dadfefe14f02fab57702265467a19f27fadf
      url: "https://pub.dev"
    source: hosted
    version: "3.0.7"
  dispose_scope:
    dependency: transitive
    description:
      name: dispose_scope
      sha256: "48ec38ca2631c53c4f8fa96b294c801e55c335db5e3fb9f82cede150cfe5a2af"
      url: "https://pub.dev"
    source: hosted
    version: "2.1.0"
  equatable:
    dependency: transitive
    description:
      name: equatable
      sha256: "3bce007a596ff8b3119c45d68aaef631272537c03d30e5d4534dd24bf4c5eaa2"
      url: "https://pub.dev"
    source: hosted
    version: "2.1.0"
  ffi:
    dependency: transitive
    description:
      name: ffi
      sha256: "6d7fd89431262d8f3125e81b50d3847a091d846eafcd4fdb88dd06f36d705a45"
      url: "https://pub.dev"
    source: hosted
    version: "2.2.0"
  file:
    dependency: transitive
    description:
      name: file
      sha256: a3b4f84adafef897088c160faf7dfffb7696046cb13ae90b508c2cbc95d3b8d4
      url: "https://pub.dev"
    source: hosted
    version: "7.0.1"
  fixnum:
    dependency: transitive
    description:
      name: fixnum
      sha256: b6dc7065e46c974bc7c5f143080a6764ec7a4be6da1285ececdc37be96de53be
      url: "https://pub.dev"
    source: hosted
    version: "1.1.1"
  glob:
    dependency: transitive
    description:
      name: glob
      sha256: "218aeb56050c714f62a3182775320dfa04602b55074873e24e31bbd39bda96fb"
      url: "https://pub.dev"
    source: hosted
    version: "2.2.0"
  http:
    dependency: transitive
    description:
      name: http
      sha256: "87721a4a50b19c7f1d49001e51409bddc46303966ce89a65af4f4e6004896412"
      url: "https://pub.dev"
    source: hosted
    version: "1.6.0"
  http_parser:
    dependency: transitive
    description:
      name: http_parser
      sha256: "178d74305e7866013777bab2c3d8726205dc5a4dd935297175b19a23a2e66571"
      url: "https://pub.dev"
    source: hosted
    version: "4.1.2"
  image:
    dependency: transitive
    description:
      name: image
      sha256: "1976370a4df3091bb0f72409c187ad1f9132a818bc6b95ca59c0bae1c75c688e"
      url: "https://pub.dev"
    source: hosted
    version: "4.9.2"
  io:
    dependency: transitive
    description:
      name: io
      sha256: "2635216ca6a737e60de577ffa1a48a0bec76ca8a62917cfc1bb88c14c570646f"
      url: "https://pub.dev"
    source: hosted
    version: "1.1.0"
  json_annotation:
    dependency: transitive
    description:
      name: json_annotation
      sha256: "2a743920d81b7910627f68ee2c9ac1fc0bfee32b9fc3403587d7c6791ca12f80"
      url: "https://pub.dev"
    source: hosted
    version: "4.12.0"
  logging:
    dependency: transitive
    description:
      name: logging
      sha256: c8245ada5f1717ed44271ed1c26b8ce85ca3228fd2ffdb75468ab01979309d61
      url: "https://pub.dev"
    source: hosted
    version: "1.3.0"
  mason_logger:
    dependency: transitive
    description:
      name: mason_logger
      sha256: "1d46102c6f299c0df7fe986dd3dd3271d57c2ec7c00ae590660b7c3018810048"
      url: "https://pub.dev"
    source: hosted
    version: "0.3.5"
  mcp_dart:
    dependency: transitive
    description:
      name: mcp_dart
      sha256: "777201efc190421e1c86502143379842ed42e16dc8b0ca1c4e8046dc7f7ee5f0"
      url: "https://pub.dev"
    source: hosted
    version: "2.4.1"
  meta:
    dependency: transitive
    description:
      name: meta
      sha256: "307249ce4ff29d58a18e97f6345f539382eb9c9c29ecda628900f31de0443dd9"
      url: "https://pub.dev"
    source: hosted
    version: "1.19.0"
  package_config:
    dependency: transitive
    description:
      name: package_config
      sha256: f096c55ebb7deb7e384101542bfba8c52696c1b56fca2eb62827989ef2353bbc
      url: "https://pub.dev"
    source: hosted
    version: "2.2.0"
  path:
    dependency: transitive
    description:
      name: path
      sha256: "75cca69d1490965be98c73ceaea117e8a04dd21217b37b292c9ddbec0d955bc5"
      url: "https://pub.dev"
    source: hosted
    version: "1.9.1"
  patrol_cli:
    dependency: transitive
    description:
      name: patrol_cli
      sha256: ff793d5afeb15a78a1478e77dcac8ccb7467c5e6786ad2978388de21d0ba8ff2
      url: "https://pub.dev"
    source: hosted
    version: "4.7.0"
  patrol_log:
    dependency: transitive
    description:
      name: patrol_log
      sha256: "3d91c93e8d0ed19cb12d4b27aa24eca7294e0a48d9d8445505c9775feb5fde2d"
      url: "https://pub.dev"
    source: hosted
    version: "0.10.1"
  patrol_mcp:
    dependency: "direct main"
    description:
      name: patrol_mcp
      sha256: "67ef1d95e39a7ad5076a63233d1b6e67a51a17d0ef57374dde63732b735bb8f9"
      url: "https://pub.dev"
    source: hosted
    version: "0.2.0"
  platform:
    dependency: transitive
    description:
      name: platform
      sha256: "5d6b1b0036a5f331ebc77c850ebc8506cbc1e9416c27e59b439f917a902a4984"
      url: "https://pub.dev"
    source: hosted
    version: "3.1.6"
  posix:
    dependency: transitive
    description:
      name: posix
      sha256: bc1bad54ad2b735816e31f8d4600cfde6c7839975085ddfbca48b6c9f7c4044e
      url: "https://pub.dev"
    source: hosted
    version: "6.5.2"
  process:
    dependency: transitive
    description:
      name: process
      sha256: "4242ba3508d37e01808bdf71ad1d5bb93a8d671bf2e7450e6b1b353fb0808891"
      url: "https://pub.dev"
    source: hosted
    version: "5.0.6"
  pub_semver:
    dependency: transitive
    description:
      name: pub_semver
      sha256: "261236774e8b1d69cfc6b9eabbc96c40f25e7a2d6b171f3385d4f65d5734fb24"
      url: "https://pub.dev"
    source: hosted
    version: "2.2.1"
  pub_updater:
    dependency: transitive
    description:
      name: pub_updater
      sha256: "739a0161d73a6974c0675b864fb0cf5147305f7b077b7f03a58fa7a9ab3e7e7d"
      url: "https://pub.dev"
    source: hosted
    version: "0.5.0"
  source_maps:
    dependency: transitive
    description:
      name: source_maps
      sha256: "14c2945847669b44089bb1222f66873d7ff7103c58911917f2a63c5a62327898"
      url: "https://pub.dev"
    source: hosted
    version: "0.10.14"
  source_span:
    dependency: transitive
    description:
      name: source_span
      sha256: "56a02f1f4cd1a2d96303c0144c93bd6d909eea6bee6bf5a0e0b685edbd4c47ab"
      url: "https://pub.dev"
    source: hosted
    version: "1.10.2"
  stack_trace:
    dependency: transitive
    description:
      name: stack_trace
      sha256: "277654b3034d17ac6f9f1cb5595db011b1d5d41e8806866db28e0abaa101c490"
      url: "https://pub.dev"
    source: hosted
    version: "1.12.2"
  string_scanner:
    dependency: transitive
    description:
      name: string_scanner
      sha256: "921cd31725b72fe181906c6a94d987c78e3b98c2e205b397ea399d4054872b43"
      url: "https://pub.dev"
    source: hosted
    version: "1.4.1"
  term_glyph:
    dependency: transitive
    description:
      name: term_glyph
      sha256: "7f554798625ea768a7518313e58f83891c7f5024f88e46e7182a4558850a4b8e"
      url: "https://pub.dev"
    source: hosted
    version: "1.2.2"
  typed_data:
    dependency: transitive
    description:
      name: typed_data
      sha256: f9049c039ebfeb4cf7a7104a675823cd72dba8297f264b6637062516699fa006
      url: "https://pub.dev"
    source: hosted
    version: "1.4.0"
  uuid:
    dependency: transitive
    description:
      name: uuid
      sha256: "9b129329f58692f6e6578329498a8fe9fbe98f090beb764ffbb8ee2eadd01dcd"
      url: "https://pub.dev"
    source: hosted
    version: "4.6.0"
  version:
    dependency: transitive
    description:
      name: version
      sha256: "3d4140128e6ea10d83da32fef2fa4003fccbf6852217bb854845802f04191f94"
      url: "https://pub.dev"
    source: hosted
    version: "3.0.2"
  vm_service:
    dependency: transitive
    description:
      name: vm_service
      sha256: "5f37239c4851efcef929cea7824e76df7f2f0970aef85d66bbc430afa40e72f0"
      url: "https://pub.dev"
    source: hosted
    version: "15.3.0"
  web:
    dependency: transitive
    description:
      name: web
      sha256: "868d88a33d8a87b18ffc05f9f030ba328ffefba92d6c127917a2ba740f9cfe4a"
      url: "https://pub.dev"
    source: hosted
    version: "1.1.1"
  win32:
    dependency: transitive
    description:
      name: win32
      sha256: d7cb55e04cd34096cd3a79b3330245f54cb96a370a1c27adb3c84b917de8b08e
      url: "https://pub.dev"
    source: hosted
    version: "5.15.0"
  yaml:
    dependency: transitive
    description:
      name: yaml
      sha256: f67cdd8e07d3c6329146aaef1ba043542b3134c12489f553ca9a7435d1068aea
      url: "https://pub.dev"
    source: hosted
    version: "3.1.4"
sdks:
  dart: ">=3.13.0 <4.0.0"
